{
  "name": "class-management-system",
  "lockfileVersion": 3,
  "requires": true,
  "packages": {
    "": {
      "dependencies": {
        "phosphor-react": "^1.4.1"
      }
    },
    "node_modules/phosphor-react": {
      "version": "1.4.1",
      "resolved": "https://registry.npmjs.org/phosphor-react/-/phosphor-react-1.4.1.tgz",
      "integrity": "sha512-gO5j7U0xZrdglTAYDYPACU4xDOFBTJmptrrB/GeR+tHhCZF3nUMyGmV/0hnloKjuTrOmpSFlbfOY78H39rgjUQ==",
      "license": "MIT",
      "engines": {
        "node": ">=10"
      },
      "peerDependencies": {
        "react": ">=16"
      }
    },
    "node_modules/react": {
      "version": "19.1.1",
      "resolved": "https://registry.npmjs.org/react/-/react-19.1.1.tgz",
      "integrity": "sha512-w8nqGImo45dmMIfljjMwOGtbmC/mk4CMYhWIicdSflH91J9TyCyczcPFXJzrZ/ZXcgGRFeP6BU0BEJTw6tZdfQ==",
      "license": "MIT",
      "peer": true,
      "engines": {
        "node": ">=0.10.0"
      }
    }
  }
}
